{
  "name": "lfs-data-scraper",
  "version": "1.0.0",
  "lockfileVersion": 1,
  "requires": true,
  "dependencies": {
    "adler-32": {
      "version": "1.2.0",
      "resolved": "https://registry.npmjs.org/adler-32/-/adler-32-1.2.0.tgz",
      "integrity": "sha1-aj5r8KY5ALoVZSgIyxXGgT0aXyU=",
      "requires": {
        "exit-on-epipe": "1.0.1",
        "printj": "1.1.1"
      }
    },
    "cfb": {
      "version": "1.0.2",
      "resolved": "https://registry.npmjs.org/cfb/-/cfb-1.0.2.tgz",
      "integrity": "sha1-9R2bvltdHnVwBYHWgiLy70bsIUI=",
      "requires": {
        "commander": "2.13.0",
        "printj": "1.1.1"
      },
      "dependencies": {
        "commander": {
          "version": "2.13.0",
          "resolved": "https://registry.npmjs.org/commander/-/commander-2.13.0.tgz",
          "integrity": "sha512-MVuS359B+YzaWqjCL/c+22gfryv+mCBPHAv3zyVI2GN8EY6IRP8VwtasXn8jyyhvvq84R4ImN1OKRtcbIasjYA=="
        }
      }
    },
    "codepage": {
      "version": "1.12.0",
      "resolved": "https://registry.npmjs.org/codepage/-/codepage-1.12.0.tgz",
      "integrity": "sha512-D5theGKN/IpxSyf53b1AgOhU9oantgFjmm0NHhkE/HNEWAT88epkRA/+No21zlSfa1e/kAySASEsMqQ9vdaM3Q==",
      "requires": {
        "commander": "2.11.0",
        "exit-on-epipe": "1.0.1",
        "voc": "1.0.0"
      }
    },
    "commander": {
      "version": "2.11.0",
      "resolved": "https://registry.npmjs.org/commander/-/commander-2.11.0.tgz",
      "integrity": "sha512-b0553uYA5YAEGgyYIGYROzKQ7X5RAqedkfjiZxwi0kL1g3bOaBNNZfYkzt/CL0umgD5wc9Jec2FbB98CjkMRvQ=="
    },
    "crc-32": {
      "version": "1.2.0",
      "resolved": "https://registry.npmjs.org/crc-32/-/crc-32-1.2.0.tgz",
      "integrity": "sha512-1uBwHxF+Y/4yF5G48fwnKq6QsIXheor3ZLPT80yGBV1oEUwpPojlEhQbWKVw1VwcTQyMGHK1/XMmTjmlsmTTGA==",
      "requires": {
        "exit-on-epipe": "1.0.1",
        "printj": "1.1.1"
      }
    },
    "exit-on-epipe": {
      "version": "1.0.1",
      "resolved": "https://registry.npmjs.org/exit-on-epipe/-/exit-on-epipe-1.0.1.tgz",
      "integrity": "sha512-h2z5mrROTxce56S+pnvAV890uu7ls7f1kEvVGJbw1OlFH3/mlJ5bkXu0KRyW94v37zzHPiUd55iLn3DA7TjWpw=="
    },
    "frac": {
      "version": "1.1.1",
      "resolved": "https://registry.npmjs.org/frac/-/frac-1.1.1.tgz",
      "integrity": "sha512-UKV4N/r4PQQgdjrmiI5XOv+dII8OgwXQaEIUNj/vH1KtvaTwIBRwVobAWwEKPK7HLJmSwru/1a1A88TB/DtxZg==",
      "requires": {
        "voc": "1.0.0"
      }
    },
    "node-xlsx": {
      "version": "0.11.2",
      "resolved": "https://registry.npmjs.org/node-xlsx/-/node-xlsx-0.11.2.tgz",
      "integrity": "sha512-EVKysbKISk0mWzYLq1kED/V/SEEjlMrdyyBN8xu9gilEeYvHX0G1NrvQU+CyYHxUeMh+stuPNhjwUdBuyyYIZw==",
      "requires": {
        "xlsx": "0.11.18"
      }
    },
    "printj": {
      "version": "1.1.1",
      "resolved": "https://registry.npmjs.org/printj/-/printj-1.1.1.tgz",
      "integrity": "sha512-92lwY69sNMFVtJz9GswmGEN8n5ClTJJzQflshyN1hBHRX5XWphhDWobIY6BaFPGbS4JGlMZJ0735zTijdpfRsA=="
    },
    "ssf": {
      "version": "0.10.1",
      "resolved": "https://registry.npmjs.org/ssf/-/ssf-0.10.1.tgz",
      "integrity": "sha1-8j2CtjeS71YIkInBzQyEjpEc26Y=",
      "requires": {
        "frac": "1.1.1"
      }
    },
    "voc": {
      "version": "1.0.0",
      "resolved": "https://registry.npmjs.org/voc/-/voc-1.0.0.tgz",
      "integrity": "sha512-mQwxWlK+zosxxDTqiFb9ZQBNgd794scgkhVwca7h9sEhvA52f3VzbOK+TOWeS8eSrFXnfuKrxElSPc5oLAetfw=="
    },
    "xlsx": {
      "version": "0.11.18",
      "resolved": "https://registry.npmjs.org/xlsx/-/xlsx-0.11.18.tgz",
      "integrity": "sha512-PE59VITaVU4W81k6bintXaaHS06uuyZYviX2pTOOf4XOs6efmwjDKVO8+cNKIfYOgW/p50O/fEATVg9UrIsPhQ==",
      "requires": {
        "adler-32": "1.2.0",
        "cfb": "1.0.2",
        "codepage": "1.12.0",
        "commander": "2.13.0",
        "crc-32": "1.2.0",
        "exit-on-epipe": "1.0.1",
        "ssf": "0.10.1"
      },
      "dependencies": {
        "commander": {
          "version": "2.13.0",
          "resolved": "https://registry.npmjs.org/commander/-/commander-2.13.0.tgz",
          "integrity": "sha512-MVuS359B+YzaWqjCL/c+22gfryv+mCBPHAv3zyVI2GN8EY6IRP8VwtasXn8jyyhvvq84R4ImN1OKRtcbIasjYA=="
        }
      }
    }
  }
}
