{
  "name": "xlsxtocsv",
  "version": "1.0.0",
  "lockfileVersion": 1,
  "requires": true,
  "dependencies": {
    "adler-32": {
      "version": "1.2.0",
      "resolved": "https://registry.npmjs.org/adler-32/-/adler-32-1.2.0.tgz",
      "integrity": "sha1-aj5r8KY5ALoVZSgIyxXGgT0aXyU=",
      "requires": {
        "exit-on-epipe": "~1.0.1",
        "printj": "~1.1.0"
      }
    },
    "buffer-from": {
      "version": "1.1.1",
      "resolved": "https://registry.npmjs.org/buffer-from/-/buffer-from-1.1.1.tgz",
      "integrity": "sha1-MnE7wCj3XAL9txDXx7zsHyxgcO8="
    },
    "cfb": {
      "version": "1.0.8",
      "resolved": "https://registry.npmjs.org/cfb/-/cfb-1.0.8.tgz",
      "integrity": "sha1-d/ITST1pfXVP2cD1UR6rWtctAs8=",
      "requires": {
        "commander": "^2.14.1",
        "printj": "~1.1.2"
      }
    },
    "codepage": {
      "version": "1.13.1",
      "resolved": "https://registry.npmjs.org/codepage/-/codepage-1.13.1.tgz",
      "integrity": "sha1-Txnbvj68KQncjr/EfqJtg4cV4/g=",
      "requires": {
        "commander": "~2.14.1",
        "exit-on-epipe": "~1.0.1"
      },
      "dependencies": {
        "commander": {
          "version": "2.14.1",
          "resolved": "https://registry.npmjs.org/commander/-/commander-2.14.1.tgz",
          "integrity": "sha1-IjUSPjevjKPGXfRbAm29NXsBuao="
        }
      }
    },
    "commander": {
      "version": "2.15.1",
      "resolved": "https://registry.npmjs.org/commander/-/commander-2.15.1.tgz",
      "integrity": "sha1-30boZ9D8Kuxmo0ZitAapzK//Ww8="
    },
    "crc-32": {
      "version": "1.2.0",
      "resolved": "https://registry.npmjs.org/crc-32/-/crc-32-1.2.0.tgz",
      "integrity": "sha1-yy224puIUI4y2d0OwWk+e0Ghggg=",
      "requires": {
        "exit-on-epipe": "~1.0.1",
        "printj": "~1.1.0"
      }
    },
    "csv-parse": {
      "version": "2.5.0",
      "resolved": "https://registry.npmjs.org/csv-parse/-/csv-parse-2.5.0.tgz",
      "integrity": "sha1-ZXSJl+zDcZxZRiLbG56g4ut9Vrs="
    },
    "exit-on-epipe": {
      "version": "1.0.1",
      "resolved": "https://registry.npmjs.org/exit-on-epipe/-/exit-on-epipe-1.0.1.tgz",
      "integrity": "sha1-C92S6H1ShdJn2qgXHQ6wYVlolpI="
    },
    "frac": {
      "version": "1.1.2",
      "resolved": "https://registry.npmjs.org/frac/-/frac-1.1.2.tgz",
      "integrity": "sha1-PXT39keMiKG1AgMG10fcYxPHTQs="
    },
    "node-xlsx": {
      "version": "0.12.1",
      "resolved": "https://registry.npmjs.org/node-xlsx/-/node-xlsx-0.12.1.tgz",
      "integrity": "sha1-7Iyrr2YgSHUJTshQdm/Ou8qmzrU=",
      "requires": {
        "buffer-from": "^1.1.0",
        "xlsx": "^0.12.4"
      }
    },
    "printj": {
      "version": "1.1.2",
      "resolved": "https://registry.npmjs.org/printj/-/printj-1.1.2.tgz",
      "integrity": "sha1-2Q3rKXWoufYA+zoclOP0xTx4oiI="
    },
    "ssf": {
      "version": "0.10.2",
      "resolved": "https://registry.npmjs.org/ssf/-/ssf-0.10.2.tgz",
      "integrity": "sha1-ZbK0/N/ZZ7yOg4OkE0kAmJMRWXY=",
      "requires": {
        "frac": "~1.1.2"
      }
    },
    "xlsx": {
      "version": "0.12.13",
      "resolved": "https://registry.npmjs.org/xlsx/-/xlsx-0.12.13.tgz",
      "integrity": "sha1-9r7Hz42RbPYlaFEWFwzDsiQihlg=",
      "requires": {
        "adler-32": "~1.2.0",
        "cfb": "~1.0.7",
        "codepage": "~1.13.0",
        "commander": "~2.15.1",
        "crc-32": "~1.2.0",
        "exit-on-epipe": "~1.0.1",
        "ssf": "~0.10.2"
      }
    }
  }
}
